<?xml version="1.0" encoding="utf-8"?>
<Project ToolsVersion="4.0" xmlns="http://schemas.microsoft.com/developer/msbuild/2003">
  <ItemGroup>
    <ClCompile Include="..\..\src\game\AccountMgr.cpp" />
    <ClCompile Include="..\..\src\game\AchievementMgr.cpp" />
    <ClCompile Include="..\..\src\game\AggressorAI.cpp" />
    <ClCompile Include="..\..\src\game\AntiCheat.cpp" />
    <ClCompile Include="..\..\src\game\ArenaTeam.cpp" />
    <ClCompile Include="..\..\src\game\ArenaTeamHandler.cpp" />
    <ClCompile Include="..\..\src\game\AuctionHouseBot\AuctionHouseBot.cpp" />
    <ClCompile Include="..\..\src\game\AuctionHouseHandler.cpp" />
    <ClCompile Include="..\..\src\game\AuctionHouseMgr.cpp" />
    <ClCompile Include="..\..\src\game\Bag.cpp" />
    <ClCompile Include="..\..\src\game\BattleGround.cpp" />
    <ClCompile Include="..\..\src\game\BattleGroundAA.cpp" />
    <ClCompile Include="..\..\src\game\BattleGroundAB.cpp" />
    <ClCompile Include="..\..\src\game\BattleGroundRB.cpp" />
    <ClCompile Include="..\..\src\game\BattleGroundAV.cpp" />
    <ClCompile Include="..\..\src\game\BattleGroundBE.cpp" />
    <ClCompile Include="..\..\src\game\BattleGroundDS.cpp" />
    <ClCompile Include="..\..\src\game\BattleGroundEY.cpp" />
    <ClCompile Include="..\..\src\game\BattleGroundHandler.cpp" />
    <ClCompile Include="..\..\src\game\BattleGroundIC.cpp" />
    <ClCompile Include="..\..\src\game\BattleGroundMgr.cpp" />
    <ClCompile Include="..\..\src\game\BattleGroundNA.cpp" />
    <ClCompile Include="..\..\src\game\BattleGroundRL.cpp" />
    <ClCompile Include="..\..\src\game\BattleGroundRV.cpp" />
    <ClCompile Include="..\..\src\game\BattleGroundSA.cpp" />
    <ClCompile Include="..\..\src\game\BattleGroundWS.cpp" />
    <ClCompile Include="..\..\src\game\Calendar.cpp" />
    <ClCompile Include="..\..\src\game\CalendarHandler.cpp" />
    <ClCompile Include="..\..\src\game\Camera.cpp" />
    <ClCompile Include="..\..\src\game\Channel.cpp" />
    <ClCompile Include="..\..\src\game\ChannelHandler.cpp" />
    <ClCompile Include="..\..\src\game\ChannelMgr.cpp" />
    <ClCompile Include="..\..\src\game\CharacterDatabaseCleaner.cpp" />
    <ClCompile Include="..\..\src\game\CharacterHandler.cpp" />
    <ClCompile Include="..\..\src\game\Chat.cpp" />
    <ClCompile Include="..\..\src\game\ChatHandler.cpp" />
    <ClCompile Include="..\..\src\game\ChatLexicsCutter.cpp" />
    <ClCompile Include="..\..\src\game\ChatLog.cpp" />
    <ClCompile Include="..\..\src\game\CombatHandler.cpp" />
    <ClCompile Include="..\..\src\game\ConfusedMovementGenerator.cpp" />
    <ClCompile Include="..\..\src\game\Corpse.cpp" />
    <ClCompile Include="..\..\src\game\Creature.cpp" />
    <ClCompile Include="..\..\src\game\CreatureAI.cpp" />
    <ClCompile Include="..\..\src\game\CreatureAIRegistry.cpp" />
    <ClCompile Include="..\..\src\game\CreatureAISelector.cpp" />
    <ClCompile Include="..\..\src\game\CreatureEventAI.cpp" />
    <ClCompile Include="..\..\src\game\CreatureEventAIMgr.cpp" />
    <ClCompile Include="..\..\src\game\DBCStores.cpp" />
    <ClCompile Include="..\..\src\game\debugcmds.cpp" />
    <ClCompile Include="..\..\src\game\DuelHandler.cpp" />
    <ClCompile Include="..\..\src\game\DynamicObject.cpp" />
    <ClCompile Include="..\..\src\game\FleeingMovementGenerator.cpp" />
    <ClCompile Include="..\..\src\game\FollowerReference.cpp" />
    <ClCompile Include="..\..\src\game\GameEventMgr.cpp" />
    <ClCompile Include="..\..\src\game\GameObject.cpp" />
    <ClCompile Include="..\..\src\game\GMTicketHandler.cpp" />
    <ClCompile Include="..\..\src\game\GMTicketMgr.cpp" />
    <ClCompile Include="..\..\src\game\GossipDef.cpp" />
    <ClCompile Include="..\..\src\game\GridMap.cpp" />
    <ClCompile Include="..\..\src\game\GridNotifiers.cpp" />
    <ClCompile Include="..\..\src\game\GridStates.cpp" />
    <ClCompile Include="..\..\src\game\Group.cpp" />
    <ClCompile Include="..\..\src\game\GroupHandler.cpp" />
    <ClCompile Include="..\..\src\game\GroupReference.cpp" />
    <ClCompile Include="..\..\src\game\GuardAI.cpp" />
    <ClCompile Include="..\..\src\game\Guild.cpp" />
    <ClCompile Include="..\..\src\game\GuildHandler.cpp" />
    <ClCompile Include="..\..\src\game\GuildMgr.cpp" />
    <ClCompile Include="..\..\src\game\HomeMovementGenerator.cpp" />
    <ClCompile Include="..\..\src\game\HostileRefManager.cpp" />
    <ClCompile Include="..\..\src\game\IdleMovementGenerator.cpp" />
    <ClCompile Include="..\..\src\game\InstanceData.cpp" />
    <ClCompile Include="..\..\src\game\Item.cpp" />
    <ClCompile Include="..\..\src\game\ItemEnchantmentMgr.cpp" />
    <ClCompile Include="..\..\src\game\ItemHandler.cpp" />
    <ClCompile Include="..\..\src\game\Level0.cpp" />
    <ClCompile Include="..\..\src\game\Level1.cpp" />
    <ClCompile Include="..\..\src\game\Level2.cpp" />
    <ClCompile Include="..\..\src\game\Level3.cpp" />
    <ClCompile Include="..\..\src\game\LFGHandler.cpp" />
    <ClCompile Include="..\..\src\game\LFGMgr.cpp" />
    <ClCompile Include="..\..\src\game\LFG.cpp" />
    <ClCompile Include="..\..\src\game\LootHandler.cpp" />
    <ClCompile Include="..\..\src\game\LootMgr.cpp" />
    <ClCompile Include="..\..\src\game\Mail.cpp" />
    <ClCompile Include="..\..\src\game\MailHandler.cpp" />
    <ClCompile Include="..\..\src\game\Map.cpp" />
    <ClCompile Include="..\..\src\game\MapManager.cpp" />
    <ClCompile Include="..\..\src\game\MapPersistentStateMgr.cpp" />
    <ClCompile Include="..\..\src\game\MapUpdater.cpp" />
    <ClCompile Include="..\..\src\game\MassMailMgr.cpp" />
    <ClCompile Include="..\..\src\game\MiscHandler.cpp" />
    <ClCompile Include="..\..\src\game\MotionMaster.cpp" />
    <ClCompile Include="..\..\src\game\MovementGenerator.cpp" />
    <ClCompile Include="..\..\src\game\MovementHandler.cpp" />
    <ClCompile Include="..\..\src\game\movement\MoveSpline.cpp" />
    <ClCompile Include="..\..\src\game\movement\MoveSplineInit.cpp" />
    <ClCompile Include="..\..\src\game\movement\packet_builder.cpp" />
    <ClCompile Include="..\..\src\game\movement\spline.cpp" />
    <ClCompile Include="..\..\src\game\movement\util.cpp" />
    <ClCompile Include="..\..\src\game\NPCHandler.cpp" />
    <ClCompile Include="..\..\src\game\NullCreatureAI.cpp" />
    <ClCompile Include="..\..\src\game\Object.cpp" />
    <ClCompile Include="..\..\src\game\ObjectAccessor.cpp" />
    <ClCompile Include="..\..\src\game\ObjectGridLoader.cpp" />
    <ClCompile Include="..\..\src\game\ObjectMgr.cpp" />
    <ClCompile Include="..\..\src\game\ObjectGuid.cpp" />
    <ClCompile Include="..\..\src\game\ObjectPosSelector.cpp" />
    <ClCompile Include="..\..\src\game\Opcodes.cpp" />
    <ClCompile Include="..\..\src\game\pchdef.cpp" />
    <ClCompile Include="..\..\src\game\CharacterDatabaseCleaner.cpp">
      <Filter>Tool</Filter>
    </ClCompile>
    <ClCompile Include="..\..\src\game\Camera.cpp">
      <Filter>Object</Filter>
    </ClCompile>
    <ClCompile Include="..\..\src\game\UnitAuraProcHandler.cpp">
      <Filter>World/Handlers</Filter>
    </ClCompile>
    <ClCompile Include="..\..\src\game\ChatLexicsCutter.cpp" >
      <Filter>Object</Filter>
    </ClCompile>
    <ClCompile Include="..\..\src\game\ChatLog.cpp" >
      <Filter>Object</Filter>
    </ClCompile>
    <ClCompile Include="..\..\src\game\VehicleHandler.cpp" >
      <Filter>Object</Filter>
    </ClCompile>
    <ClCompile Include="..\..\src\game\AuctionHouseBot\AuctionHouseBot.cpp">
      <Filter>AhBot</Filter>
    </ClCompile>
    <ClCompile Include="..\..\src\game\vmap\BIH.cpp">
      <Filter>vmaps</Filter>
    </ClCompile>
    <ClCompile Include="..\..\src\game\vmap\MapTree.cpp">
      <Filter>vmaps</Filter>
    </ClCompile>
    <ClCompile Include="..\..\src\game\vmap\ModelInstance.cpp">
      <Filter>vmaps</Filter>
    </ClCompile>
    <ClCompile Include="..\..\src\game\vmap\TileAssembler.cpp">
      <Filter>vmaps</Filter>
    </ClCompile>
    <ClCompile Include="..\..\src\game\vmap\VMapFactory.cpp">
      <Filter>vmaps</Filter>
    </ClCompile>
    <ClCompile Include="..\..\src\game\vmap\VMapManager2.cpp">
      <Filter>vmaps</Filter>
    </ClCompile>
    <ClCompile Include="..\..\src\game\vmap\WorldModel.cpp">
      <Filter>vmaps</Filter>
    </ClCompile>
    <ClCompile Include="..\..\src\game\PlayerBot\PlayerbotAI.cpp">
      <Filter>playerbot</Filter>
    </ClCompile>
    <ClCompile Include="..\..\src\game\PlayerBot\PlayerbotClassAI.cpp">
      <Filter>playerbot</Filter>
    </ClCompile>
    <ClCompile Include="..\..\src\game\PlayerBot\PlayerbotDeathKnightAI.cpp">
      <Filter>playerbot</Filter>
    </ClCompile>
    <ClCompile Include="..\..\src\game\PlayerBot\PlayerbotDruidAI.cpp">
      <Filter>playerbot</Filter>
    </ClCompile>
    <ClCompile Include="..\..\src\game\PlayerBot\PlayerbotHunterAI.cpp">
      <Filter>playerbot</Filter>
    </ClCompile>
    <ClCompile Include="..\..\src\game\PlayerBot\PlayerbotMageAI.cpp">
      <Filter>playerbot</Filter>
    </ClCompile>
    <ClCompile Include="..\..\src\game\PlayerBot\PlayerbotMgr.cpp">
      <Filter>playerbot</Filter>
    </ClCompile>
    <ClCompile Include="..\..\src\game\PlayerBot\PlayerbotPaladinAI.cpp">
      <Filter>playerbot</Filter>
    </ClCompile>
    <ClCompile Include="..\..\src\game\PlayerBot\PlayerbotPriestAI.cpp">
      <Filter>playerbot</Filter>
    </ClCompile>
    <ClCompile Include="..\..\src\game\PlayerBot\PlayerbotRogueAI.cpp">
      <Filter>playerbot</Filter>
    </ClCompile>
    <ClCompile Include="..\..\src\game\PlayerBot\PlayerbotShamanAI.cpp">
      <Filter>playerbot</Filter>
    </ClCompile>
    <ClCompile Include="..\..\src\game\PlayerBot\PlayerbotWarlockAI.cpp">
      <Filter>playerbot</Filter>
    </ClCompile>
    <ClCompile Include="..\..\src\game\PlayerBot\PlayerbotWarriorAI.cpp">
      <Filter>playerbot</Filter>
    </ClCompile>
    <ClCompile Include="..\..\src\game\WardenHandler.cpp">
      <Filter>World/Handlers</Filter>
    </ClCompile>
    <ClCompile Include="..\..\src\game\WardenBase.cpp">
      <Filter>Warden</Filter>
    </ClCompile>
    <ClCompile Include="..\..\src\game\WardenDataStorage.cpp">
      <Filter>Warden</Filter>
    </ClCompile>
    <ClCompile Include="..\..\src\game\WardenMac.cpp">
      <Filter>Warden</Filter>
    </ClCompile>
    <ClCompile Include="..\..\src\game\WardenWin.cpp">
      <Filter>Warden</Filter>
    </ClCompile>
    <ClCompile Include="..\..\src\game\movement\MoveSplineInit.cpp">
      <Filter>Movement</Filter>
    </ClCompile>
    <ClCompile Include="..\..\src\game\movement\packet_builder.cpp">
      <Filter>Movement</Filter>
    </ClCompile>
    <ClCompile Include="..\..\src\game\movement\spline.cpp">
      <Filter>Movement</Filter>
    </ClCompile>
    <ClCompile Include="..\..\src\game\movement\util.cpp">
      <Filter>Movement</Filter>
    </ClCompile>
    <ClCompile Include="..\..\src\game\movement\MoveSpline.cpp">
      <Filter>Movement</Filter>
    </ClCompile>
    <ClCompile Include="..\..\src\game\CreatureLinkingMgr.cpp">
      <Filter>World/Handlers</Filter>
    </ClCompile>
  </ItemGroup>
  <ItemGroup>
    <ClInclude Include="..\..\src\game\AccountMgr.h" />
    <ClInclude Include="..\..\src\game\AchievementMgr.h" />
    <ClInclude Include="..\..\src\game\AggressorAI.h" />
    <ClInclude Include="..\..\src\game\AntiCheat.h" />
    <ClInclude Include="..\..\src\game\ArenaTeam.h" />
    <ClInclude Include="..\..\src\game\AuctionHouseBot\AuctionHouseBot.h" />
    <ClInclude Include="..\..\src\game\AuctionHouseMgr.h" />
    <ClInclude Include="..\..\src\game\Bag.h" />
    <ClInclude Include="..\..\src\game\BattleGround.h" />
    <ClInclude Include="..\..\src\game\BattleGroundAA.h" />
    <ClInclude Include="..\..\src\game\BattleGroundAB.h" />
    <ClInclude Include="..\..\src\game\BattleGroundRB.h" />
    <ClInclude Include="..\..\src\game\BattleGroundAV.h" />
    <ClInclude Include="..\..\src\game\BattleGroundBE.h" />
    <ClInclude Include="..\..\src\game\BattleGroundDS.h" />
    <ClInclude Include="..\..\src\game\BattleGroundEY.h" />
    <ClInclude Include="..\..\src\game\BattleGroundIC.h" />
    <ClInclude Include="..\..\src\game\BattleGroundMgr.h" />
    <ClInclude Include="..\..\src\game\BattleGroundNA.h" />
    <ClInclude Include="..\..\src\game\BattleGroundRL.h" />
    <ClInclude Include="..\..\src\game\BattleGroundRV.h" />
    <ClInclude Include="..\..\src\game\BattleGroundSA.h" />
    <ClInclude Include="..\..\src\game\BattleGroundWS.h" />
    <ClInclude Include="..\..\src\game\Calendar.h" />
    <ClInclude Include="..\..\src\game\Camera.h" />
    <ClInclude Include="..\..\src\game\Cell.h" />
    <ClInclude Include="..\..\src\game\CellImpl.h" />
    <ClInclude Include="..\..\src\game\Channel.h" />
    <ClInclude Include="..\..\src\game\ChannelMgr.h" />
    <ClInclude Include="..\..\src\game\CharacterDatabaseCleaner.h" />
    <ClInclude Include="..\..\src\game\Chat.h" />
    <ClInclude Include="..\..\src\game\ChatLexicsCutter.h" />
    <ClInclude Include="..\..\src\game\ChatLog.h" />
    <ClInclude Include="..\..\src\game\ConfusedMovementGenerator.h" />
    <ClInclude Include="..\..\src\game\Corpse.h" />
    <ClInclude Include="..\..\src\game\Creature.h" />
    <ClInclude Include="..\..\src\game\CreatureAI.h" />
    <ClInclude Include="..\..\src\game\CreatureAIImpl.h" />
    <ClInclude Include="..\..\src\game\CreatureAIRegistry.h" />
    <ClInclude Include="..\..\src\game\CreatureAISelector.h" />
    <ClInclude Include="..\..\src\game\CreatureEventAI.h" />
    <ClInclude Include="..\..\src\game\CreatureEventAIMgr.h" />
    <ClInclude Include="..\..\src\game\DBCEnums.h" />
    <ClInclude Include="..\..\src\game\DBCfmt.h" />
    <ClInclude Include="..\..\src\game\DBCStores.h" />
    <ClInclude Include="..\..\src\game\DBCStructure.h" />
    <ClInclude Include="..\..\src\game\DynamicObject.h" />
    <ClInclude Include="..\..\src\game\FleeingMovementGenerator.h" />
    <ClInclude Include="..\..\src\game\FollowerReference.h" />
    <ClInclude Include="..\..\src\game\FollowerRefManager.h" />
    <ClInclude Include="..\..\src\game\Formulas.h" />
    <ClInclude Include="..\..\src\game\GameEventMgr.h" />
    <ClInclude Include="..\..\src\game\GameObject.h" />
    <ClInclude Include="..\..\src\game\GMTicketMgr.h" />
    <ClInclude Include="..\..\src\game\GossipDef.h" />
    <ClInclude Include="..\..\src\game\GridDefines.h" />
    <ClInclude Include="..\..\src\game\GridMap.h" />
    <ClInclude Include="..\..\src\game\GridNotifiers.h" />
    <ClInclude Include="..\..\src\game\GridNotifiersImpl.h" />
    <ClInclude Include="..\..\src\game\GridStates.h" />
    <ClInclude Include="..\..\src\game\Group.h" />
    <ClInclude Include="..\..\src\game\GroupReference.h" />
    <ClInclude Include="..\..\src\game\GroupRefManager.h" />
    <ClInclude Include="..\..\src\game\GuardAI.h" />
    <ClInclude Include="..\..\src\game\Guild.h" />
    <ClInclude Include="..\..\src\game\GuildMgr.h" />
    <ClInclude Include="..\..\src\game\HomeMovementGenerator.h" />
    <ClInclude Include="..\..\src\game\HostileRefManager.h" />
    <ClInclude Include="..\..\src\game\IdleMovementGenerator.h" />
    <ClInclude Include="..\..\src\game\InstanceData.h" />
    <ClInclude Include="..\..\src\game\Item.h" />
    <ClInclude Include="..\..\src\game\ItemEnchantmentMgr.h" />
    <ClInclude Include="..\..\src\game\ItemPrototype.h" />
    <ClInclude Include="..\..\src\game\Language.h" />
    <ClInclude Include="..\..\src\game\LFG.h" />
    <ClInclude Include="..\..\src\game\LFGMgr.h" />
    <ClInclude Include="..\..\src\game\LootMgr.h" />
    <ClInclude Include="..\..\src\game\Mail.h" />
    <ClInclude Include="..\..\src\game\Map.h" />
    <ClInclude Include="..\..\src\game\MapManager.h" />
    <ClInclude Include="..\..\src\game\MapPersistentStateMgr.h" />
    <ClInclude Include="..\..\src\game\MapUpdater.h" />
    <ClInclude Include="..\..\src\game\MapReference.h" />
    <ClInclude Include="..\..\src\game\MapRefManager.h" />
    <ClInclude Include="..\..\src\game\MassMailMgr.h" />
    <ClInclude Include="..\..\src\game\MotionMaster.h" />
    <ClInclude Include="..\..\src\game\MovementGenerator.h" />
    <ClInclude Include="..\..\src\game\movement\MoveSpline.h" />
    <ClInclude Include="..\..\src\game\movement\MoveSplineFlag.h" />
    <ClInclude Include="..\..\src\game\movement\MoveSplineInit.h" />
    <ClInclude Include="..\..\src\game\movement\MoveSplineInitArgs.h" />
    <ClInclude Include="..\..\src\game\movement\packet_builder.h" />
    <ClInclude Include="..\..\src\game\movement\spline.h" />
    <ClInclude Include="..\..\src\game\movement\spline.impl.h" />
    <ClInclude Include="..\..\src\game\movement\typedefs.h" />
    <ClInclude Include="..\..\src\game\NPCHandler.h" />
    <ClInclude Include="..\..\src\game\NullCreatureAI.h" />
    <ClInclude Include="..\..\src\game\Object.h" />
    <ClInclude Include="..\..\src\game\ObjectAccessor.h" />
    <ClInclude Include="..\..\src\game\ObjectGuid.h" />
    <ClInclude Include="..\..\src\game\ObjectGridLoader.h" />
    <ClInclude Include="..\..\src\game\ObjectMgr.h" />
    <ClInclude Include="..\..\src\game\ObjectPosSelector.h" />
    <ClInclude Include="..\..\src\game\Opcodes.h" />
    <ClInclude Include="..\..\src\game\Path.h" />
    <ClInclude Include="..\..\src\game\pchdef.h" />
    <ClInclude Include="..\..\src\game\CharacterDatabaseCleaner.h">
      <Filter>Tool</Filter>
    </ClInclude>
    <ClInclude Include="..\..\src\game\Camera.h">
      <Filter>Object</Filter>
    </ClInclude>
    <ClInclude Include="..\..\src\game\LFG.h">
      <Filter>World/Handlers</Filter>
    </ClInclude>
    <ClInclude Include="..\..\src\game\LFGMgr.h">
      <Filter>World/Handlers</Filter>
    </ClInclude>
    <ClInclude Include="..\..\src\game\ChatLexicsCutter.h" >
      <Filter>Object</Filter>
    </ClInclude>
    <ClInclude Include="..\..\src\game\ChatLog.h" >
      <Filter>Object</Filter>
    </ClInclude>
    <ClInclude Include="..\..\src\game\AuctionHouseBot\AuctionHouseBot.h">
      <Filter>AhBot</Filter>
    </ClInclude>
    <ClInclude Include="..\..\src\game\vmap\BIH.h">
      <Filter>vmaps</Filter>
    </ClInclude>
    <ClInclude Include="..\..\src\game\vmap\IVMapManager.h">
      <Filter>vmaps</Filter>
    </ClInclude>
    <ClInclude Include="..\..\src\game\vmap\MapTree.h">
      <Filter>vmaps</Filter>
    </ClInclude>
    <ClInclude Include="..\..\src\game\vmap\ModelInstance.h">
      <Filter>vmaps</Filter>
    </ClInclude>
    <ClInclude Include="..\..\src\game\vmap\TileAssembler.h">
      <Filter>vmaps</Filter>
    </ClInclude>
    <ClInclude Include="..\..\src\game\vmap\VMapDefinitions.h">
      <Filter>vmaps</Filter>
    </ClInclude>
    <ClInclude Include="..\..\src\game\vmap\VMapFactory.h">
      <Filter>vmaps</Filter>
    </ClInclude>
    <ClInclude Include="..\..\src\game\vmap\VMapManager2.h">
      <Filter>vmaps</Filter>
    </ClInclude>
    <ClInclude Include="..\..\src\game\vmap\VMapTools.h">
      <Filter>vmaps</Filter>
    </ClInclude>
    <ClInclude Include="..\..\src\game\vmap\WorldModel.h">
      <Filter>vmaps</Filter>
    </ClInclude>
    <ClInclude Include="..\..\src\game\PlayerBot\config.h">
      <Filter>playerbot</Filter>
    </ClInclude>
    <ClInclude Include="..\..\src\game\PlayerBot\PlayerbotAI.h">
      <Filter>playerbot</Filter>
    </ClInclude>
    <ClInclude Include="..\..\src\game\PlayerBot\PlayerbotClassAI.h">
      <Filter>playerbot</Filter>
    </ClInclude>
    <ClInclude Include="..\..\src\game\PlayerBot\PlayerbotDeathKnightAI.h">
      <Filter>playerbot</Filter>
    </ClInclude>
    <ClInclude Include="..\..\src\game\PlayerBot\PlayerbotDruidAI.h">
      <Filter>playerbot</Filter>
    </ClInclude>
    <ClInclude Include="..\..\src\game\PlayerBot\PlayerbotHunterAI.h">
      <Filter>playerbot</Filter>
    </ClInclude>
    <ClInclude Include="..\..\src\game\PlayerBot\PlayerbotMageAI.h">
      <Filter>playerbot</Filter>
    </ClInclude>
    <ClInclude Include="..\..\src\game\PlayerBot\PlayerbotMgr.h">
      <Filter>playerbot</Filter>
    </ClInclude>
    <ClInclude Include="..\..\src\game\PlayerBot\PlayerbotPaladinAI.h">
      <Filter>playerbot</Filter>
    </ClInclude>
    <ClInclude Include="..\..\src\game\PlayerBot\PlayerbotPriestAI.h">
      <Filter>playerbot</Filter>
    </ClInclude>
    <ClInclude Include="..\..\src\game\PlayerBot\PlayerbotRogueAI.h">
      <Filter>playerbot</Filter>
    </ClInclude>
    <ClInclude Include="..\..\src\game\PlayerBot\PlayerbotShamanAI.h">
      <Filter>playerbot</Filter>
    </ClInclude>
    <ClInclude Include="..\..\src\game\PlayerBot\PlayerbotWarlockAI.h">
      <Filter>playerbot</Filter>
    </ClInclude>
    <ClInclude Include="..\..\src\game\PlayerBot\PlayerbotWarriorAI.h">
      <Filter>playerbot</Filter>
    </ClInclude>
    <ClInclude Include="..\..\src\game\WardenHandler.h">
      <Filter>World/Handlers</Filter>
    </ClInclude>
    <ClInclude Include="..\..\src\game\WardenBase.h">
      <Filter>Warden</Filter>
    </ClInclude>
    <ClInclude Include="..\..\src\game\WardenDataStorage.h">
      <Filter>Warden</Filter>
    </ClInclude>
    <ClInclude Include="..\..\src\game\WardenMac.h">
      <Filter>Warden</Filter>
    </ClInclude>
    <ClInclude Include="..\..\src\game\WardenModuleMac.h">
      <Filter>Warden</Filter>
    </ClInclude>
    <ClInclude Include="..\..\src\game\WardenWin.h">
      <Filter>Warden</Filter>
    </ClInclude>
    <ClInclude Include="..\..\src\game\WardenModuleWin.h">
      <Filter>Warden</Filter>
    </ClInclude>
    <ClInclude Include="..\..\src\game\movement\MoveSpline.h">
      <Filter>Movement</Filter>
    </ClInclude>
    <ClInclude Include="..\..\src\game\movement\MoveSplineFlag.h">
      <Filter>Movement</Filter>
    </ClInclude>
    <ClInclude Include="..\..\src\game\movement\MoveSplineInit.h">
      <Filter>Movement</Filter>
    </ClInclude>
    <ClInclude Include="..\..\src\game\movement\MoveSplineInitArgs.h">
      <Filter>Movement</Filter>
    </ClInclude>
    <ClInclude Include="..\..\src\game\movement\packet_builder.h">
      <Filter>Movement</Filter>
    </ClInclude>
    <ClInclude Include="..\..\src\game\movement\spline.h">
      <Filter>Movement</Filter>
    </ClInclude>
    <ClInclude Include="..\..\src\game\movement\spline.impl.h">
      <Filter>Movement</Filter>
    </ClInclude>
    <ClInclude Include="..\..\src\game\movement\typedefs.h">
      <Filter>Movement</Filter>
    </ClInclude>
    <ClInclude Include="..\..\src\game\CreatureLinkingMgr.h">
      <Filter>World/Handlers</Filter>
    </ClInclude>
  </ItemGroup>
</Project>